// !$*UTF8*$!
{
	archiveVersion = 1;
	classes = {
	};
	objectVersion = 56;
	objects = {

/* Begin PBXBuildFile section */
		EF1DC9FE29F6C3CD00E2D898 /* S57BrowserApp.swift in Sources */ = {isa = PBXBuildFile; fileRef = EF1DC9FD29F6C3CD00E2D898 /* S57BrowserApp.swift */; };
		EF1DCA0029F6C3CD00E2D898 /* ContentView.swift in Sources */ = {isa = PBXBuildFile; fileRef = EF1DC9FF29F6C3CD00E2D898 /* ContentView.swift */; };
		EF1DCA0229F6C3CF00E2D898 /* Assets.xcassets in Resources */ = {isa = PBXBuildFile; fileRef = EF1DCA0129F6C3CF00E2D898 /* Assets.xcassets */; };
		EF1DCA0629F6C3CF00E2D898 /* Preview Assets.xcassets in Resources */ = {isa = PBXBuildFile; fileRef = EF1DCA0529F6C3CF00E2D898 /* Preview Assets.xcassets */; };
		EF1DCA1129F6C70500E2D898 /* S57Parser in Frameworks */ = {isa = PBXBuildFile; productRef = EF1DCA1029F6C70500E2D898 /* S57Parser */; };
		EF1DCA1329F6CFDE00E2D898 /* URL + Extensions.swift in Sources */ = {isa = PBXBuildFile; fileRef = EF1DCA1229F6CFDE00E2D898 /* URL + Extensions.swift */; };
		EFC15FD529F8F038008CEBAE /* MapView.swift in Sources */ = {isa = PBXBuildFile; fileRef = EFC15FD429F8F038008CEBAE /* MapView.swift */; };
		EFC15FDF29F8F6C7008CEBAE /* SQLite in Frameworks */ = {isa = PBXBuildFile; productRef = EFC15FDE29F8F6C7008CEBAE /* SQLite */; };
		EFC15FE129F8FC96008CEBAE /* Feature.swift in Sources */ = {isa = PBXBuildFile; fileRef = EFC15FE029F8FC96008CEBAE /* Feature.swift */; };
		EFC15FE329F90196008CEBAE /* S57Overlay.swift in Sources */ = {isa = PBXBuildFile; fileRef = EFC15FE229F90196008CEBAE /* S57Overlay.swift */; };
		EFC15FE529F902FE008CEBAE /* MKCoordinateRegion + Utils.swift in Sources */ = {isa = PBXBuildFile; fileRef = EFC15FE429F902FE008CEBAE /* MKCoordinateRegion + Utils.swift */; };
		EFC15FEB29F9441B008CEBAE /* UIImage + Resize.swift in Sources */ = {isa = PBXBuildFile; fileRef = EFC15FEA29F9441B008CEBAE /* UIImage + Resize.swift */; };
		EFC15FED29F94E96008CEBAE /* Binding+onChange.swift in Sources */ = {isa = PBXBuildFile; fileRef = EFC15FEC29F94E96008CEBAE /* Binding+onChange.swift */; };
		EFC15FEF29FA801C008CEBAE /* BindableTapGestureRecognizer.swift in Sources */ = {isa = PBXBuildFile; fileRef = EFC15FEE29FA801C008CEBAE /* BindableTapGestureRecognizer.swift */; };
		EFC15FF129FABA60008CEBAE /* MKCoordinateRegion+Utils.swift in Sources */ = {isa = PBXBuildFile; fileRef = EFC15FF029FABA60008CEBAE /* MKCoordinateRegion+Utils.swift */; };
		EFF324E12A04F90300D49ECF /* S57PointRenderer.swift in Sources */ = {isa = PBXBuildFile; fileRef = EFF324E02A04F90300D49ECF /* S57PointRenderer.swift */; };
		EFF324E32A068ED200D49ECF /* Storage.swift in Sources */ = {isa = PBXBuildFile; fileRef = EFF324E22A068ED200D49ECF /* Storage.swift */; };
		EFF324E52A06918900D49ECF /* FileManager+Utils.swift in Sources */ = {isa = PBXBuildFile; fileRef = EFF324E42A06918900D49ECF /* FileManager+Utils.swift */; };
/* End PBXBuildFile section */

/* Begin PBXFileReference section */
		EF1DC9FA29F6C3CD00E2D898 /* S57Browser.app */ = {isa = PBXFileReference; explicitFileType = wrapper.application; includeInIndex = 0; path = S57Browser.app; sourceTree = BUILT_PRODUCTS_DIR; };
		EF1DC9FD29F6C3CD00E2D898 /* S57BrowserApp.swift */ = {isa = PBXFileReference; lastKnownFileType = sourcecode.swift; path = S57BrowserApp.swift; sourceTree = "<group>"; };
		EF1DC9FF29F6C3CD00E2D898 /* ContentView.swift */ = {isa = PBXFileReference; lastKnownFileType = sourcecode.swift; path = ContentView.swift; sourceTree = "<group>"; };
		EF1DCA0129F6C3CF00E2D898 /* Assets.xcassets */ = {isa = PBXFileReference; lastKnownFileType = folder.assetcatalog; path = Assets.xcassets; sourceTree = "<group>"; };
		EF1DCA0329F6C3CF00E2D898 /* S57Browser.entitlements */ = {isa = PBXFileReference; lastKnownFileType = text.plist.entitlements; path = S57Browser.entitlements; sourceTree = "<group>"; };
		EF1DCA0529F6C3CF00E2D898 /* Preview Assets.xcassets */ = {isa = PBXFileReference; lastKnownFileType = folder.assetcatalog; path = "Preview Assets.xcassets"; sourceTree = "<group>"; };
		EF1DCA1229F6CFDE00E2D898 /* URL + Extensions.swift */ = {isa = PBXFileReference; lastKnownFileType = sourcecode.swift; path = "URL + Extensions.swift"; sourceTree = "<group>"; };
		EFC15FD429F8F038008CEBAE /* MapView.swift */ = {isa = PBXFileReference; lastKnownFileType = sourcecode.swift; path = MapView.swift; sourceTree = "<group>"; };
		EFC15FE029F8FC96008CEBAE /* Feature.swift */ = {isa = PBXFileReference; lastKnownFileType = sourcecode.swift; path = Feature.swift; sourceTree = "<group>"; };
		EFC15FE229F90196008CEBAE /* S57Overlay.swift */ = {isa = PBXFileReference; lastKnownFileType = sourcecode.swift; path = S57Overlay.swift; sourceTree = "<group>"; };
		EFC15FE429F902FE008CEBAE /* MKCoordinateRegion + Utils.swift */ = {isa = PBXFileReference; lastKnownFileType = sourcecode.swift; path = "MKCoordinateRegion + Utils.swift"; sourceTree = "<group>"; };
		EFC15FEA29F9441B008CEBAE /* UIImage + Resize.swift */ = {isa = PBXFileReference; lastKnownFileType = sourcecode.swift; path = "UIImage + Resize.swift"; sourceTree = "<group>"; };
		EFC15FEC29F94E96008CEBAE /* Binding+onChange.swift */ = {isa = PBXFileReference; lastKnownFileType = sourcecode.swift; path = "Binding+onChange.swift"; sourceTree = "<group>"; };
		EFC15FEE29FA801C008CEBAE /* BindableTapGestureRecognizer.swift */ = {isa = PBXFileReference; lastKnownFileType = sourcecode.swift; path = BindableTapGestureRecognizer.swift; sourceTree = "<group>"; };
		EFC15FF029FABA60008CEBAE /* MKCoordinateRegion+Utils.swift */ = {isa = PBXFileReference; lastKnownFileType = sourcecode.swift; path = "MKCoordinateRegion+Utils.swift"; sourceTree = "<group>"; };
		EFF324E02A04F90300D49ECF /* S57PointRenderer.swift */ = {isa = PBXFileReference; lastKnownFileType = sourcecode.swift; path = S57PointRenderer.swift; sourceTree = "<group>"; };
		EFF324E22A068ED200D49ECF /* Storage.swift */ = {isa = PBXFileReference; lastKnownFileType = sourcecode.swift; path = Storage.swift; sourceTree = "<group>"; };
		EFF324E42A06918900D49ECF /* FileManager+Utils.swift */ = {isa = PBXFileReference; lastKnownFileType = sourcecode.swift; path = "FileManager+Utils.swift"; sourceTree = "<group>"; };
		EFF324E62A0694A000D49ECF /* Info.plist */ = {isa = PBXFileReference; lastKnownFileType = text.plist; path = Info.plist; sourceTree = "<group>"; };
/* End PBXFileReference section */

/* Begin PBXFrameworksBuildPhase section */
		EF1DC9F729F6C3CD00E2D898 /* Frameworks */ = {
			isa = PBXFrameworksBuildPhase;
			buildActionMask = 2147483647;
			files = (
				EFC15FDF29F8F6C7008CEBAE /* SQLite in Frameworks */,
				EF1DCA1129F6C70500E2D898 /* S57Parser in Frameworks */,
			);
			runOnlyForDeploymentPostprocessing = 0;
		};
/* End PBXFrameworksBuildPhase section */

/* Begin PBXGroup section */
		EF1DC9F129F6C3CD00E2D898 = {
			isa = PBXGroup;
			children = (
				EF1DC9FC29F6C3CD00E2D898 /* S57Browser */,
				EF1DC9FB29F6C3CD00E2D898 /* Products */,
			);
			sourceTree = "<group>";
		};
		EF1DC9FB29F6C3CD00E2D898 /* Products */ = {
			isa = PBXGroup;
			children = (
				EF1DC9FA29F6C3CD00E2D898 /* S57Browser.app */,
			);
			name = Products;
			sourceTree = "<group>";
		};
		EF1DC9FC29F6C3CD00E2D898 /* S57Browser */ = {
			isa = PBXGroup;
			children = (
				EFF324E62A0694A000D49ECF /* Info.plist */,
				EFC15FD629F8F5C7008CEBAE /* MapView */,
				EF1DC9FD29F6C3CD00E2D898 /* S57BrowserApp.swift */,
				EFC15FEC29F94E96008CEBAE /* Binding+onChange.swift */,
				EF1DC9FF29F6C3CD00E2D898 /* ContentView.swift */,
				EF1DCA0129F6C3CF00E2D898 /* Assets.xcassets */,
				EF1DCA0329F6C3CF00E2D898 /* S57Browser.entitlements */,
				EF1DCA0429F6C3CF00E2D898 /* Preview Content */,
				EFF324E22A068ED200D49ECF /* Storage.swift */,
				EFF324E42A06918900D49ECF /* FileManager+Utils.swift */,
			);
			path = S57Browser;
			sourceTree = "<group>";
		};
		EF1DCA0429F6C3CF00E2D898 /* Preview Content */ = {
			isa = PBXGroup;
			children = (
				EF1DCA0529F6C3CF00E2D898 /* Preview Assets.xcassets */,
			);
			path = "Preview Content";
			sourceTree = "<group>";
		};
		EFC15FD629F8F5C7008CEBAE /* MapView */ = {
			isa = PBXGroup;
			children = (
				EFC15FD429F8F038008CEBAE /* MapView.swift */,
				EFC15FE029F8FC96008CEBAE /* Feature.swift */,
				EFC15FE229F90196008CEBAE /* S57Overlay.swift */,
				EFC15FE429F902FE008CEBAE /* MKCoordinateRegion + Utils.swift */,
				EFC15FEA29F9441B008CEBAE /* UIImage + Resize.swift */,
				EFC15FEE29FA801C008CEBAE /* BindableTapGestureRecognizer.swift */,
				EFC15FF029FABA60008CEBAE /* MKCoordinateRegion+Utils.swift */,
				EF1DCA1229F6CFDE00E2D898 /* URL + Extensions.swift */,
				EFF324E02A04F90300D49ECF /* S57PointRenderer.swift */,
			);
			path = MapView;
			sourceTree = "<group>";
		};
/* End PBXGroup section */

/* Begin PBXNativeTarget section */
		EF1DC9F929F6C3CD00E2D898 /* S57Browser */ = {
			isa = PBXNativeTarget;
			buildConfigurationList = EF1DCA0929F6C3CF00E2D898 /* Build configuration list for PBXNativeTarget "S57Browser" */;
			buildPhases = (
				EF1DC9F629F6C3CD00E2D898 /* Sources */,
				EF1DC9F729F6C3CD00E2D898 /* Frameworks */,
				EF1DC9F829F6C3CD00E2D898 /* Resources */,
			);
			buildRules = (
			);
			dependencies = (
			);
			name = S57Browser;
			packageProductDependencies = (
				EF1DCA1029F6C70500E2D898 /* S57Parser */,
				EFC15FDE29F8F6C7008CEBAE /* SQLite */,
			);
			productName = S57Browser;
			productReference = EF1DC9FA29F6C3CD00E2D898 /* S57Browser.app */;
			productType = "com.apple.product-type.application";
		};
/* End PBXNativeTarget section */

/* Begin PBXProject section */
		EF1DC9F229F6C3CD00E2D898 /* Project object */ = {
			isa = PBXProject;
			attributes = {
				BuildIndependentTargetsInParallel = 1;
				LastSwiftUpdateCheck = 1430;
				LastUpgradeCheck = 1430;
				TargetAttributes = {
					EF1DC9F929F6C3CD00E2D898 = {
						CreatedOnToolsVersion = 14.3;
					};
				};
			};
			buildConfigurationList = EF1DC9F529F6C3CD00E2D898 /* Build configuration list for PBXProject "S57Browser" */;
			compatibilityVersion = "Xcode 14.0";
			developmentRegion = en;
			hasScannedForEncodings = 0;
			knownRegions = (
				en,
				Base,
			);
			mainGroup = EF1DC9F129F6C3CD00E2D898;
			packageReferences = (
				EF1DCA0F29F6C70500E2D898 /* XCRemoteSwiftPackageReference "S57Parser" */,
				EFC15FDD29F8F6C7008CEBAE /* XCRemoteSwiftPackageReference "SQLite.swift" */,
			);
			productRefGroup = EF1DC9FB29F6C3CD00E2D898 /* Products */;
			projectDirPath = "";
			projectRoot = "";
			targets = (
				EF1DC9F929F6C3CD00E2D898 /* S57Browser */,
			);
		};
/* End PBXProject section */

/* Begin PBXResourcesBuildPhase section */
		EF1DC9F829F6C3CD00E2D898 /* Resources */ = {
			isa = PBXResourcesBuildPhase;
			buildActionMask = 2147483647;
			files = (
				EF1DCA0629F6C3CF00E2D898 /* Preview Assets.xcassets in Resources */,
				EF1DCA0229F6C3CF00E2D898 /* Assets.xcassets in Resources */,
			);
			runOnlyForDeploymentPostprocessing = 0;
		};
/* End PBXResourcesBuildPhase section */

/* Begin PBXSourcesBuildPhase section */
		EF1DC9F629F6C3CD00E2D898 /* Sources */ = {
			isa = PBXSourcesBuildPhase;
			buildActionMask = 2147483647;
			files = (
				EFC15FF129FABA60008CEBAE /* MKCoordinateRegion+Utils.swift in Sources */,
				EFF324E12A04F90300D49ECF /* S57PointRenderer.swift in Sources */,
				EFC15FE529F902FE008CEBAE /* MKCoordinateRegion + Utils.swift in Sources */,
				EFC15FE329F90196008CEBAE /* S57Overlay.swift in Sources */,
				EF1DCA0029F6C3CD00E2D898 /* ContentView.swift in Sources */,
				EFC15FD529F8F038008CEBAE /* MapView.swift in Sources */,
				EFC15FE129F8FC96008CEBAE /* Feature.swift in Sources */,
				EFC15FED29F94E96008CEBAE /* Binding+onChange.swift in Sources */,
				EFC15FEF29FA801C008CEBAE /* BindableTapGestureRecognizer.swift in Sources */,
				EF1DC9FE29F6C3CD00E2D898 /* S57BrowserApp.swift in Sources */,
				EF1DCA1329F6CFDE00E2D898 /* URL + Extensions.swift in Sources */,
				EFC15FEB29F9441B008CEBAE /* UIImage + Resize.swift in Sources */,
				EFF324E32A068ED200D49ECF /* Storage.swift in Sources */,
				EFF324E52A06918900D49ECF /* FileManager+Utils.swift in Sources */,
			);
			runOnlyForDeploymentPostprocessing = 0;
		};
/* End PBXSourcesBuildPhase section */

/* Begin XCBuildConfiguration section */
		EF1DCA0729F6C3CF00E2D898 /* Debug */ = {
			isa = XCBuildConfiguration;
			buildSettings = {
				ALWAYS_SEARCH_USER_PATHS = NO;
				CLANG_ANALYZER_NONNULL = YES;
				CLANG_ANALYZER_NUMBER_OBJECT_CONVERSION = YES_AGGRESSIVE;
				CLANG_CXX_LANGUAGE_STANDARD = "gnu++20";
				CLANG_ENABLE_MODULES = YES;
				CLANG_ENABLE_OBJC_ARC = YES;
				CLANG_ENABLE_OBJC_WEAK = YES;
				CLANG_WARN_BLOCK_CAPTURE_AUTORELEASING = YES;
				CLANG_WARN_BOOL_CONVERSION = YES;
				CLANG_WARN_COMMA = YES;
				CLANG_WARN_CONSTANT_CONVERSION = YES;
				CLANG_WARN_DEPRECATED_OBJC_IMPLEMENTATIONS = YES;
				CLANG_WARN_DIRECT_OBJC_ISA_USAGE = YES_ERROR;
				CLANG_WARN_DOCUMENTATION_COMMENTS = YES;
				CLANG_WARN_EMPTY_BODY = YES;
				CLANG_WARN_ENUM_CONVERSION = YES;
				CLANG_WARN_INFINITE_RECURSION = YES;
				CLANG_WARN_INT_CONVERSION = YES;
				CLANG_WARN_NON_LITERAL_NULL_CONVERSION = YES;
				CLANG_WARN_OBJC_IMPLICIT_RETAIN_SELF = YES;
				CLANG_WARN_OBJC_LITERAL_CONVERSION = YES;
				CLANG_WARN_OBJC_ROOT_CLASS = YES_ERROR;
				CLANG_WARN_QUOTED_INCLUDE_IN_FRAMEWORK_HEADER = YES;
				CLANG_WARN_RANGE_LOOP_ANALYSIS = YES;
				CLANG_WARN_STRICT_PROTOTYPES = YES;
				CLANG_WARN_SUSPICIOUS_MOVE = YES;
				CLANG_WARN_UNGUARDED_AVAILABILITY = YES_AGGRESSIVE;
				CLANG_WARN_UNREACHABLE_CODE = YES;
				CLANG_WARN__DUPLICATE_METHOD_MATCH = YES;
				COPY_PHASE_STRIP = NO;
				DEBUG_INFORMATION_FORMAT = dwarf;
				ENABLE_STRICT_OBJC_MSGSEND = YES;
				ENABLE_TESTABILITY = YES;
				GCC_C_LANGUAGE_STANDARD = gnu11;
				GCC_DYNAMIC_NO_PIC = NO;
				GCC_NO_COMMON_BLOCKS = YES;
				GCC_OPTIMIZATION_LEVEL = 0;
				GCC_PREPROCESSOR_DEFINITIONS = (
					"DEBUG=1",
					"$(inherited)",
				);
				GCC_WARN_64_TO_32_BIT_CONVERSION = YES;
				GCC_WARN_ABOUT_RETURN_TYPE = YES_ERROR;
				GCC_WARN_UNDECLARED_SELECTOR = YES;
				GCC_WARN_UNINITIALIZED_AUTOS = YES_AGGRESSIVE;
				GCC_WARN_UNUSED_FUNCTION = YES;
				GCC_WARN_UNUSED_VARIABLE = YES;
				IPHONEOS_DEPLOYMENT_TARGET = 15.0;
				MACOSX_DEPLOYMENT_TARGET = 13.0;
				MTL_ENABLE_DEBUG_INFO = INCLUDE_SOURCE;
				MTL_FAST_MATH = YES;
				ONLY_ACTIVE_ARCH = YES;
				SWIFT_ACTIVE_COMPILATION_CONDITIONS = DEBUG;
				SWIFT_OPTIMIZATION_LEVEL = "-Onone";
			};
			name = Debug;
		};
		EF1DCA0829F6C3CF00E2D898 /* Release */ = {
			isa = XCBuildConfiguration;
			buildSettings = {
				ALWAYS_SEARCH_USER_PATHS = NO;
				CLANG_ANALYZER_NONNULL = YES;
				CLANG_ANALYZER_NUMBER_OBJECT_CONVERSION = YES_AGGRESSIVE;
				CLANG_CXX_LANGUAGE_STANDARD = "gnu++20";
				CLANG_ENABLE_MODULES = YES;
				CLANG_ENABLE_OBJC_ARC = YES;
				CLANG_ENABLE_OBJC_WEAK = YES;
				CLANG_WARN_BLOCK_CAPTURE_AUTORELEASING = YES;
				CLANG_WARN_BOOL_CONVERSION = YES;
				CLANG_WARN_COMMA = YES;
				CLANG_WARN_CONSTANT_CONVERSION = YES;
				CLANG_WARN_DEPRECATED_OBJC_IMPLEMENTATIONS = YES;
				CLANG_WARN_DIRECT_OBJC_ISA_USAGE = YES_ERROR;
				CLANG_WARN_DOCUMENTATION_COMMENTS = YES;
				CLANG_WARN_EMPTY_BODY = YES;
				CLANG_WARN_ENUM_CONVERSION = YES;
				CLANG_WARN_INFINITE_RECURSION = YES;
				CLANG_WARN_INT_CONVERSION = YES;
				CLANG_WARN_NON_LITERAL_NULL_CONVERSION = YES;
				CLANG_WARN_OBJC_IMPLICIT_RETAIN_SELF = YES;
				CLANG_WARN_OBJC_LITERAL_CONVERSION = YES;
				CLANG_WARN_OBJC_ROOT_CLASS = YES_ERROR;
				CLANG_WARN_QUOTED_INCLUDE_IN_FRAMEWORK_HEADER = YES;
				CLANG_WARN_RANGE_LOOP_ANALYSIS = YES;
				CLANG_WARN_STRICT_PROTOTYPES = YES;
				CLANG_WARN_SUSPICIOUS_MOVE = YES;
				CLANG_WARN_UNGUARDED_AVAILABILITY = YES_AGGRESSIVE;
				CLANG_WARN_UNREACHABLE_CODE = YES;
				CLANG_WARN__DUPLICATE_METHOD_MATCH = YES;
				COPY_PHASE_STRIP = NO;
				DEBUG_INFORMATION_FORMAT = "dwarf-with-dsym";
				ENABLE_NS_ASSERTIONS = NO;
				ENABLE_STRICT_OBJC_MSGSEND = YES;
				GCC_C_LANGUAGE_STANDARD = gnu11;
				GCC_NO_COMMON_BLOCKS = YES;
				GCC_WARN_64_TO_32_BIT_CONVERSION = YES;
				GCC_WARN_ABOUT_RETURN_TYPE = YES_ERROR;
				GCC_WARN_UNDECLARED_SELECTOR = YES;
				GCC_WARN_UNINITIALIZED_AUTOS = YES_AGGRESSIVE;
				GCC_WARN_UNUSED_FUNCTION = YES;
				GCC_WARN_UNUSED_VARIABLE = YES;
				IPHONEOS_DEPLOYMENT_TARGET = 15.0;
				MACOSX_DEPLOYMENT_TARGET = 13.0;
				MTL_ENABLE_DEBUG_INFO = NO;
				MTL_FAST_MATH = YES;
				SWIFT_COMPILATION_MODE = wholemodule;
				SWIFT_OPTIMIZATION_LEVEL = "-O";
			};
			name = Release;
		};
		EF1DCA0A29F6C3CF00E2D898 /* Debug */ = {
			isa = XCBuildConfiguration;
			buildSettings = {
				ASSETCATALOG_COMPILER_APPICON_NAME = AppIcon;
				ASSETCATALOG_COMPILER_GLOBAL_ACCENT_COLOR_NAME = AccentColor;
				CODE_SIGN_ENTITLEMENTS = S57Browser/S57Browser.entitlements;
				CODE_SIGN_STYLE = Automatic;
				CURRENT_PROJECT_VERSION = 1;
				DEVELOPMENT_ASSET_PATHS = "\"S57Browser/Preview Content\"";
				DEVELOPMENT_TEAM = N72U6DTDRE;
				ENABLE_HARDENED_RUNTIME = YES;
				ENABLE_PREVIEWS = YES;
				GENERATE_INFOPLIST_FILE = YES;
				INFOPLIST_FILE = S57Browser/Info.plist;
				INFOPLIST_KEY_LSApplicationCategoryType = "public.app-category.navigation";
				INFOPLIST_KEY_LSSupportsOpeningDocumentsInPlace = YES;
				"INFOPLIST_KEY_UIApplicationSceneManifest_Generation[sdk=iphoneos*]" = YES;
				"INFOPLIST_KEY_UIApplicationSceneManifest_Generation[sdk=iphonesimulator*]" = YES;
				"INFOPLIST_KEY_UIApplicationSupportsIndirectInputEvents[sdk=iphoneos*]" = YES;
				"INFOPLIST_KEY_UIApplicationSupportsIndirectInputEvents[sdk=iphonesimulator*]" = YES;
				"INFOPLIST_KEY_UILaunchScreen_Generation[sdk=iphoneos*]" = YES;
				"INFOPLIST_KEY_UILaunchScreen_Generation[sdk=iphonesimulator*]" = YES;
				"INFOPLIST_KEY_UIStatusBarStyle[sdk=iphoneos*]" = UIStatusBarStyleDefault;
				"INFOPLIST_KEY_UIStatusBarStyle[sdk=iphonesimulator*]" = UIStatusBarStyleDefault;
				INFOPLIST_KEY_UISupportedInterfaceOrientations_iPad = "UIInterfaceOrientationPortrait UIInterfaceOrientationPortraitUpsideDown UIInterfaceOrientationLandscapeLeft UIInterfaceOrientationLandscapeRight";
				INFOPLIST_KEY_UISupportedInterfaceOrientations_iPhone = "UIInterfaceOrientationPortrait UIInterfaceOrientationLandscapeLeft UIInterfaceOrientationLandscapeRight";
				IPHONEOS_DEPLOYMENT_TARGET = 15.0;
				LD_RUNPATH_SEARCH_PATHS = "@executable_path/Frameworks";
				"LD_RUNPATH_SEARCH_PATHS[sdk=macosx*]" = "@executable_path/../Frameworks";
				MACOSX_DEPLOYMENT_TARGET = 13.0;
				MARKETING_VERSION = 0.5;
				PRODUCT_BUNDLE_IDENTIFIER = es.gorina.S57Browser;
				PRODUCT_NAME = "$(TARGET_NAME)";
				SDKROOT = auto;
				SUPPORTED_PLATFORMS = "iphoneos iphonesimulator macosx";
				SUPPORTS_MACCATALYST = NO;
				SUPPORTS_MAC_DESIGNED_FOR_IPHONE_IPAD = YES;
				SWIFT_EMIT_LOC_STRINGS = YES;
				SWIFT_VERSION = 5.0;
				TARGETED_DEVICE_FAMILY = "1,2";
			};
			name = Debug;
		};
		EF1DCA0B29F6C3CF00E2D898 /* Release */ = {
			isa = XCBuildConfiguration;
			buildSettings = {
				ASSETCATALOG_COMPILER_APPICON_NAME = AppIcon;
				ASSETCATALOG_COMPILER_GLOBAL_ACCENT_COLOR_NAME = AccentColor;
				CODE_SIGN_ENTITLEMENTS = S57Browser/S57Browser.entitlements;
				CODE_SIGN_STYLE = Automatic;
				CURRENT_PROJECT_VERSION = 1;
				DEVELOPMENT_ASSET_PATHS = "\"S57Browser/Preview Content\"";
				DEVELOPMENT_TEAM = N72U6DTDRE;
				ENABLE_HARDENED_RUNTIME = YES;
				ENABLE_PREVIEWS = YES;
				GENERATE_INFOPLIST_FILE = YES;
				INFOPLIST_FILE = S57Browser/Info.plist;
				INFOPLIST_KEY_LSApplicationCategoryType = "public.app-category.navigation";
				INFOPLIST_KEY_LSSupportsOpeningDocumentsInPlace = YES;
				"INFOPLIST_KEY_UIApplicationSceneManifest_Generation[sdk=iphoneos*]" = YES;
				"INFOPLIST_KEY_UIApplicationSceneManifest_Generation[sdk=iphonesimulator*]" = YES;
				"INFOPLIST_KEY_UIApplicationSupportsIndirectInputEvents[sdk=iphoneos*]" = YES;
				"INFOPLIST_KEY_UIApplicationSupportsIndirectInputEvents[sdk=iphonesimulator*]" = YES;
				"INFOPLIST_KEY_UILaunchScreen_Generation[sdk=iphoneos*]" = YES;
				"INFOPLIST_KEY_UILaunchScreen_Generation[sdk=iphonesimulator*]" = YES;
				"INFOPLIST_KEY_UIStatusBarStyle[sdk=iphoneos*]" = UIStatusBarStyleDefault;
				"INFOPLIST_KEY_UIStatusBarStyle[sdk=iphonesimulator*]" = UIStatusBarStyleDefault;
				INFOPLIST_KEY_UISupportedInterfaceOrientations_iPad = "UIInterfaceOrientationPortrait UIInterfaceOrientationPortraitUpsideDown UIInterfaceOrientationLandscapeLeft UIInterfaceOrientationLandscapeRight";
				INFOPLIST_KEY_UISupportedInterfaceOrientations_iPhone = "UIInterfaceOrientationPortrait UIInterfaceOrientationLandscapeLeft UIInterfaceOrientationLandscapeRight";
				IPHONEOS_DEPLOYMENT_TARGET = 15.0;
				LD_RUNPATH_SEARCH_PATHS = "@executable_path/Frameworks";
				"LD_RUNPATH_SEARCH_PATHS[sdk=macosx*]" = "@executable_path/../Frameworks";
				MACOSX_DEPLOYMENT_TARGET = 13.0;
				MARKETING_VERSION = 0.5;
				PRODUCT_BUNDLE_IDENTIFIER = es.gorina.S57Browser;
				PRODUCT_NAME = "$(TARGET_NAME)";
				SDKROOT = auto;
				SUPPORTED_PLATFORMS = "iphoneos iphonesimulator macosx";
				SUPPORTS_MACCATALYST = NO;
				SUPPORTS_MAC_DESIGNED_FOR_IPHONE_IPAD = YES;
				SWIFT_EMIT_LOC_STRINGS = YES;
				SWIFT_VERSION = 5.0;
				TARGETED_DEVICE_FAMILY = "1,2";
			};
			name = Release;
		};
/* End XCBuildConfiguration section */

/* Begin XCConfigurationList section */
		EF1DC9F529F6C3CD00E2D898 /* Build configuration list for PBXProject "S57Browser" */ = {
			isa = XCConfigurationList;
			buildConfigurations = (
				EF1DCA0729F6C3CF00E2D898 /* Debug */,
				EF1DCA0829F6C3CF00E2D898 /* Release */,
			);
			defaultConfigurationIsVisible = 0;
			defaultConfigurationName = Release;
		};
		EF1DCA0929F6C3CF00E2D898 /* Build configuration list for PBXNativeTarget "S57Browser" */ = {
			isa = XCConfigurationList;
			buildConfigurations = (
				EF1DCA0A29F6C3CF00E2D898 /* Debug */,
				EF1DCA0B29F6C3CF00E2D898 /* Release */,
			);
			defaultConfigurationIsVisible = 0;
			defaultConfigurationName = Release;
		};
/* End XCConfigurationList section */

/* Begin XCRemoteSwiftPackageReference section */
		EF1DCA0F29F6C70500E2D898 /* XCRemoteSwiftPackageReference "S57Parser" */ = {
			isa = XCRemoteSwiftPackageReference;
			repositoryURL = "https://github.com/fgorina/S57Parser.git";
			requirement = {
				branch = main;
				kind = branch;
			};
		};
		EFC15FDD29F8F6C7008CEBAE /* XCRemoteSwiftPackageReference "SQLite.swift" */ = {
			isa = XCRemoteSwiftPackageReference;
			repositoryURL = "https://github.com/stephencelis/SQLite.swift.git";
			requirement = {
				kind = upToNextMajorVersion;
				minimumVersion = 0.14.1;
			};
		};
/* End XCRemoteSwiftPackageReference section */

/* Begin XCSwiftPackageProductDependency section */
		EF1DCA1029F6C70500E2D898 /* S57Parser */ = {
			isa = XCSwiftPackageProductDependency;
			package = EF1DCA0F29F6C70500E2D898 /* XCRemoteSwiftPackageReference "S57Parser" */;
			productName = S57Parser;
		};
		EFC15FDE29F8F6C7008CEBAE /* SQLite */ = {
			isa = XCSwiftPackageProductDependency;
			package = EFC15FDD29F8F6C7008CEBAE /* XCRemoteSwiftPackageReference "SQLite.swift" */;
			productName = SQLite;
		};
/* End XCSwiftPackageProductDependency section */
	};
	rootObject = EF1DC9F229F6C3CD00E2D898 /* Project object */;
}
